// !$*UTF8*$!
{
	archiveVersion = 1;
	classes = {
	};
	objectVersion = 50;
	objects = {

/* Begin PBXBuildFile section */
		BAA70C7926D49B1800148A91 /* AppDelegate.swift in Sources */ = {isa = PBXBuildFile; fileRef = BAA70C7826D49B1800148A91 /* AppDelegate.swift */; };
		BAA70C7B26D49B1800148A91 /* SceneDelegate.swift in Sources */ = {isa = PBXBuildFile; fileRef = BAA70C7A26D49B1800148A91 /* SceneDelegate.swift */; };
		BAA70C7D26D49B1800148A91 /* ViewController.swift in Sources */ = {isa = PBXBuildFile; fileRef = BAA70C7C26D49B1800148A91 /* ViewController.swift */; };
		BAA70C8026D49B1800148A91 /* Main.storyboard in Resources */ = {isa = PBXBuildFile; fileRef = BAA70C7E26D49B1800148A91 /* Main.storyboard */; };
		BAA70C8226D49B1C00148A91 /* Assets.xcassets in Resources */ = {isa = PBXBuildFile; fileRef = BAA70C8126D49B1C00148A91 /* Assets.xcassets */; };
		BAA70C8526D49B1C00148A91 /* LaunchScreen.storyboard in Resources */ = {isa = PBXBuildFile; fileRef = BAA70C8326D49B1C00148A91 /* LaunchScreen.storyboard */; };
		BAA70C8D26D4B16000148A91 /* LogicManager.swift in Sources */ = {isa = PBXBuildFile; fileRef = BAA70C8C26D4B16000148A91 /* LogicManager.swift */; };
		BAA70C8F26D669D000148A91 /* Style1Button.swift in Sources */ = {isa = PBXBuildFile; fileRef = BAA70C8E26D669CF00148A91 /* Style1Button.swift */; };
		BAA70C9626D66B1400148A91 /* Constants.swift in Sources */ = {isa = PBXBuildFile; fileRef = BAA70C9526D66B1400148A91 /* Constants.swift */; };
		BAA70C9826D671EA00148A91 /* Style2Button.swift in Sources */ = {isa = PBXBuildFile; fileRef = BAA70C9726D671EA00148A91 /* Style2Button.swift */; };
		BAA70C9A26D6736000148A91 /* Style3Button.swift in Sources */ = {isa = PBXBuildFile; fileRef = BAA70C9926D6736000148A91 /* Style3Button.swift */; };
		BAA70C9C26D673CB00148A91 /* Style4Button.swift in Sources */ = {isa = PBXBuildFile; fileRef = BAA70C9B26D673CB00148A91 /* Style4Button.swift */; };
/* End PBXBuildFile section */

/* Begin PBXFileReference section */
		BAA70C7526D49B1800148A91 /* Calculator.app */ = {isa = PBXFileReference; explicitFileType = wrapper.application; includeInIndex = 0; path = Calculator.app; sourceTree = BUILT_PRODUCTS_DIR; };
		BAA70C7826D49B1800148A91 /* AppDelegate.swift */ = {isa = PBXFileReference; lastKnownFileType = sourcecode.swift; path = AppDelegate.swift; sourceTree = "<group>"; };
		BAA70C7A26D49B1800148A91 /* SceneDelegate.swift */ = {isa = PBXFileReference; lastKnownFileType = sourcecode.swift; path = SceneDelegate.swift; sourceTree = "<group>"; };
		BAA70C7C26D49B1800148A91 /* ViewController.swift */ = {isa = PBXFileReference; lastKnownFileType = sourcecode.swift; path = ViewController.swift; sourceTree = "<group>"; };
		BAA70C7F26D49B1800148A91 /* Base */ = {isa = PBXFileReference; lastKnownFileType = file.storyboard; name = Base; path = Base.lproj/Main.storyboard; sourceTree = "<group>"; };
		BAA70C8126D49B1C00148A91 /* Assets.xcassets */ = {isa = PBXFileReference; lastKnownFileType = folder.assetcatalog; path = Assets.xcassets; sourceTree = "<group>"; };
		BAA70C8426D49B1C00148A91 /* Base */ = {isa = PBXFileReference; lastKnownFileType = file.storyboard; name = Base; path = Base.lproj/LaunchScreen.storyboard; sourceTree = "<group>"; };
		BAA70C8626D49B1C00148A91 /* Info.plist */ = {isa = PBXFileReference; lastKnownFileType = text.plist.xml; path = Info.plist; sourceTree = "<group>"; };
		BAA70C8C26D4B16000148A91 /* LogicManager.swift */ = {isa = PBXFileReference; lastKnownFileType = sourcecode.swift; path = LogicManager.swift; sourceTree = "<group>"; };
		BAA70C8E26D669CF00148A91 /* Style1Button.swift */ = {isa = PBXFileReference; lastKnownFileType = sourcecode.swift; path = Style1Button.swift; sourceTree = "<group>"; };
		BAA70C9526D66B1400148A91 /* Constants.swift */ = {isa = PBXFileReference; lastKnownFileType = sourcecode.swift; path = Constants.swift; sourceTree = "<group>"; };
		BAA70C9726D671EA00148A91 /* Style2Button.swift */ = {isa = PBXFileReference; lastKnownFileType = sourcecode.swift; path = Style2Button.swift; sourceTree = "<group>"; };
		BAA70C9926D6736000148A91 /* Style3Button.swift */ = {isa = PBXFileReference; lastKnownFileType = sourcecode.swift; path = Style3Button.swift; sourceTree = "<group>"; };
		BAA70C9B26D673CB00148A91 /* Style4Button.swift */ = {isa = PBXFileReference; lastKnownFileType = sourcecode.swift; path = Style4Button.swift; sourceTree = "<group>"; };
/* End PBXFileReference section */

/* Begin PBXFrameworksBuildPhase section */
		BAA70C7226D49B1800148A91 /* Frameworks */ = {
			isa = PBXFrameworksBuildPhase;
			buildActionMask = 2147483647;
			files = (
			);
			runOnlyForDeploymentPostprocessing = 0;
		};
/* End PBXFrameworksBuildPhase section */

/* Begin PBXGroup section */
		BAA70C6C26D49B1800148A91 = {
			isa = PBXGroup;
			children = (
				BAA70C7726D49B1800148A91 /* Calculator */,
				BAA70C7626D49B1800148A91 /* Products */,
			);
			sourceTree = "<group>";
		};
		BAA70C7626D49B1800148A91 /* Products */ = {
			isa = PBXGroup;
			children = (
				BAA70C7526D49B1800148A91 /* Calculator.app */,
			);
			name = Products;
			sourceTree = "<group>";
		};
		BAA70C7726D49B1800148A91 /* Calculator */ = {
			isa = PBXGroup;
			children = (
				BAA70C9326D66ACF00148A91 /* Models */,
				BAA70C9226D66AAC00148A91 /* Controllers */,
				BAA70C9126D66A7D00148A91 /* Storyboards */,
				BAA70C9026D66A6F00148A91 /* Custom Views */,
				BAA70C9426D66AE800148A91 /* Utitlities */,
				BAA70C8126D49B1C00148A91 /* Assets.xcassets */,
				BAA70C8626D49B1C00148A91 /* Info.plist */,
				BAA70C7826D49B1800148A91 /* AppDelegate.swift */,
				BAA70C7A26D49B1800148A91 /* SceneDelegate.swift */,
			);
			path = Calculator;
			sourceTree = "<group>";
		};
		BAA70C9026D66A6F00148A91 /* Custom Views */ = {
			isa = PBXGroup;
			children = (
				BAA70C8E26D669CF00148A91 /* Style1Button.swift */,
				BAA70C9726D671EA00148A91 /* Style2Button.swift */,
				BAA70C9926D6736000148A91 /* Style3Button.swift */,
				BAA70C9B26D673CB00148A91 /* Style4Button.swift */,
			);
			path = "Custom Views";
			sourceTree = "<group>";
		};
		BAA70C9126D66A7D00148A91 /* Storyboards */ = {
			isa = PBXGroup;
			children = (
				BAA70C7E26D49B1800148A91 /* Main.storyboard */,
				BAA70C8326D49B1C00148A91 /* LaunchScreen.storyboard */,
			);
			path = Storyboards;
			sourceTree = "<group>";
		};
		BAA70C9226D66AAC00148A91 /* Controllers */ = {
			isa = PBXGroup;
			children = (
				BAA70C7C26D49B1800148A91 /* ViewController.swift */,
			);
			path = Controllers;
			sourceTree = "<group>";
		};
		BAA70C9326D66ACF00148A91 /* Models */ = {
			isa = PBXGroup;
			children = (
				BAA70C8C26D4B16000148A91 /* LogicManager.swift */,
			);
			path = Models;
			sourceTree = "<group>";
		};
		BAA70C9426D66AE800148A91 /* Utitlities */ = {
			isa = PBXGroup;
			children = (
				BAA70C9526D66B1400148A91 /* Constants.swift */,
			);
			path = Utitlities;
			sourceTree = "<group>";
		};
/* End PBXGroup section */

/* Begin PBXNativeTarget section */
		BAA70C7426D49B1800148A91 /* Calculator */ = {
			isa = PBXNativeTarget;
			buildConfigurationList = BAA70C8926D49B1C00148A91 /* Build configuration list for PBXNativeTarget "Calculator" */;
			buildPhases = (
				BAA70C7126D49B1800148A91 /* Sources */,
				BAA70C7226D49B1800148A91 /* Frameworks */,
				BAA70C7326D49B1800148A91 /* Resources */,
			);
			buildRules = (
			);
			dependencies = (
			);
			name = Calculator;
			productName = Calculator;
			productReference = BAA70C7526D49B1800148A91 /* Calculator.app */;
			productType = "com.apple.product-type.application";
		};
/* End PBXNativeTarget section */

/* Begin PBXProject section */
		BAA70C6D26D49B1800148A91 /* Project object */ = {
			isa = PBXProject;
			attributes = {
				LastSwiftUpdateCheck = 1250;
				LastUpgradeCheck = 1250;
				TargetAttributes = {
					BAA70C7426D49B1800148A91 = {
						CreatedOnToolsVersion = 12.5.1;
					};
				};
			};
			buildConfigurationList = BAA70C7026D49B1800148A91 /* Build configuration list for PBXProject "Calculator" */;
			compatibilityVersion = "Xcode 9.3";
			developmentRegion = en;
			hasScannedForEncodings = 0;
			knownRegions = (
				en,
				Base,
			);
			mainGroup = BAA70C6C26D49B1800148A91;
			productRefGroup = BAA70C7626D49B1800148A91 /* Products */;
			projectDirPath = "";
			projectRoot = "";
			targets = (
				BAA70C7426D49B1800148A91 /* Calculator */,
			);
		};
/* End PBXProject section */

/* Begin PBXResourcesBuildPhase section */
		BAA70C7326D49B1800148A91 /* Resources */ = {
			isa = PBXResourcesBuildPhase;
			buildActionMask = 2147483647;
			files = (
				BAA70C8526D49B1C00148A91 /* LaunchScreen.storyboard in Resources */,
				BAA70C8226D49B1C00148A91 /* Assets.xcassets in Resources */,
				BAA70C8026D49B1800148A91 /* Main.storyboard in Resources */,
			);
			runOnlyForDeploymentPostprocessing = 0;
		};
/* End PBXResourcesBuildPhase section */

/* Begin PBXSourcesBuildPhase section */
		BAA70C7126D49B1800148A91 /* Sources */ = {
			isa = PBXSourcesBuildPhase;
			buildActionMask = 2147483647;
			files = (
				BAA70C8F26D669D000148A91 /* Style1Button.swift in Sources */,
				BAA70C9C26D673CB00148A91 /* Style4Button.swift in Sources */,
				BAA70C7D26D49B1800148A91 /* ViewController.swift in Sources */,
				BAA70C7926D49B1800148A91 /* AppDelegate.swift in Sources */,
				BAA70C9826D671EA00148A91 /* Style2Button.swift in Sources */,
				BAA70C8D26D4B16000148A91 /* LogicManager.swift in Sources */,
				BAA70C9A26D6736000148A91 /* Style3Button.swift in Sources */,
				BAA70C7B26D49B1800148A91 /* SceneDelegate.swift in Sources */,
				BAA70C9626D66B1400148A91 /* Constants.swift in Sources */,
			);
			runOnlyForDeploymentPostprocessing = 0;
		};
/* End PBXSourcesBuildPhase section */

/* Begin PBXVariantGroup section */
		BAA70C7E26D49B1800148A91 /* Main.storyboard */ = {
			isa = PBXVariantGroup;
			children = (
				BAA70C7F26D49B1800148A91 /* Base */,
			);
			name = Main.storyboard;
			sourceTree = "<group>";
		};
		BAA70C8326D49B1C00148A91 /* LaunchScreen.storyboard */ = {
			isa = PBXVariantGroup;
			children = (
				BAA70C8426D49B1C00148A91 /* Base */,
			);
			name = LaunchScreen.storyboard;
			sourceTree = "<group>";
		};
/* End PBXVariantGroup section */

/* Begin XCBuildConfiguration section */
		BAA70C8726D49B1C00148A91 /* Debug */ = {
			isa = XCBuildConfiguration;
			buildSettings = {
				ALWAYS_SEARCH_USER_PATHS = NO;
				CLANG_ANALYZER_NONNULL = YES;
				CLANG_ANALYZER_NUMBER_OBJECT_CONVERSION = YES_AGGRESSIVE;
				CLANG_CXX_LANGUAGE_STANDARD = "gnu++14";
				CLANG_CXX_LIBRARY = "libc++";
				CLANG_ENABLE_MODULES = YES;
				CLANG_ENABLE_OBJC_ARC = YES;
				CLANG_ENABLE_OBJC_WEAK = YES;
				CLANG_WARN_BLOCK_CAPTURE_AUTORELEASING = YES;
				CLANG_WARN_BOOL_CONVERSION = YES;
				CLANG_WARN_COMMA = YES;
				CLANG_WARN_CONSTANT_CONVERSION = YES;
				CLANG_WARN_DEPRECATED_OBJC_IMPLEMENTATIONS = YES;
				CLANG_WARN_DIRECT_OBJC_ISA_USAGE = YES_ERROR;
				CLANG_WARN_DOCUMENTATION_COMMENTS = YES;
				CLANG_WARN_EMPTY_BODY = YES;
				CLANG_WARN_ENUM_CONVERSION = YES;
				CLANG_WARN_INFINITE_RECURSION = YES;
				CLANG_WARN_INT_CONVERSION = YES;
				CLANG_WARN_NON_LITERAL_NULL_CONVERSION = YES;
				CLANG_WARN_OBJC_IMPLICIT_RETAIN_SELF = YES;
				CLANG_WARN_OBJC_LITERAL_CONVERSION = YES;
				CLANG_WARN_OBJC_ROOT_CLASS = YES_ERROR;
				CLANG_WARN_QUOTED_INCLUDE_IN_FRAMEWORK_HEADER = YES;
				CLANG_WARN_RANGE_LOOP_ANALYSIS = YES;
				CLANG_WARN_STRICT_PROTOTYPES = YES;
				CLANG_WARN_SUSPICIOUS_MOVE = YES;
				CLANG_WARN_UNGUARDED_AVAILABILITY = YES_AGGRESSIVE;
				CLANG_WARN_UNREACHABLE_CODE = YES;
				CLANG_WARN__DUPLICATE_METHOD_MATCH = YES;
				COPY_PHASE_STRIP = NO;
				DEBUG_INFORMATION_FORMAT = dwarf;
				ENABLE_STRICT_OBJC_MSGSEND = YES;
				ENABLE_TESTABILITY = YES;
				GCC_C_LANGUAGE_STANDARD = gnu11;
				GCC_DYNAMIC_NO_PIC = NO;
				GCC_NO_COMMON_BLOCKS = YES;
				GCC_OPTIMIZATION_LEVEL = 0;
				GCC_PREPROCESSOR_DEFINITIONS = (
					"DEBUG=1",
					"$(inherited)",
				);
				GCC_WARN_64_TO_32_BIT_CONVERSION = YES;
				GCC_WARN_ABOUT_RETURN_TYPE = YES_ERROR;
				GCC_WARN_UNDECLARED_SELECTOR = YES;
				GCC_WARN_UNINITIALIZED_AUTOS = YES_AGGRESSIVE;
				GCC_WARN_UNUSED_FUNCTION = YES;
				GCC_WARN_UNUSED_VARIABLE = YES;
				IPHONEOS_DEPLOYMENT_TARGET = 14.5;
				MTL_ENABLE_DEBUG_INFO = INCLUDE_SOURCE;
				MTL_FAST_MATH = YES;
				ONLY_ACTIVE_ARCH = YES;
				SDKROOT = iphoneos;
				SWIFT_ACTIVE_COMPILATION_CONDITIONS = DEBUG;
				SWIFT_OPTIMIZATION_LEVEL = "-Onone";
			};
			name = Debug;
		};
		BAA70C8826D49B1C00148A91 /* Release */ = {
			isa = XCBuildConfiguration;
			buildSettings = {
				ALWAYS_SEARCH_USER_PATHS = NO;
				CLANG_ANALYZER_NONNULL = YES;
				CLANG_ANALYZER_NUMBER_OBJECT_CONVERSION = YES_AGGRESSIVE;
				CLANG_CXX_LANGUAGE_STANDARD = "gnu++14";
				CLANG_CXX_LIBRARY = "libc++";
				CLANG_ENABLE_MODULES = YES;
				CLANG_ENABLE_OBJC_ARC = YES;
				CLANG_ENABLE_OBJC_WEAK = YES;
				CLANG_WARN_BLOCK_CAPTURE_AUTORELEASING = YES;
				CLANG_WARN_BOOL_CONVERSION = YES;
				CLANG_WARN_COMMA = YES;
				CLANG_WARN_CONSTANT_CONVERSION = YES;
				CLANG_WARN_DEPRECATED_OBJC_IMPLEMENTATIONS = YES;
				CLANG_WARN_DIRECT_OBJC_ISA_USAGE = YES_ERROR;
				CLANG_WARN_DOCUMENTATION_COMMENTS = YES;
				CLANG_WARN_EMPTY_BODY = YES;
				CLANG_WARN_ENUM_CONVERSION = YES;
				CLANG_WARN_INFINITE_RECURSION = YES;
				CLANG_WARN_INT_CONVERSION = YES;
				CLANG_WARN_NON_LITERAL_NULL_CONVERSION = YES;
				CLANG_WARN_OBJC_IMPLICIT_RETAIN_SELF = YES;
				CLANG_WARN_OBJC_LITERAL_CONVERSION = YES;
				CLANG_WARN_OBJC_ROOT_CLASS = YES_ERROR;
				CLANG_WARN_QUOTED_INCLUDE_IN_FRAMEWORK_HEADER = YES;
				CLANG_WARN_RANGE_LOOP_ANALYSIS = YES;
				CLANG_WARN_STRICT_PROTOTYPES = YES;
				CLANG_WARN_SUSPICIOUS_MOVE = YES;
				CLANG_WARN_UNGUARDED_AVAILABILITY = YES_AGGRESSIVE;
				CLANG_WARN_UNREACHABLE_CODE = YES;
				CLANG_WARN__DUPLICATE_METHOD_MATCH = YES;
				COPY_PHASE_STRIP = NO;
				DEBUG_INFORMATION_FORMAT = "dwarf-with-dsym";
				ENABLE_NS_ASSERTIONS = NO;
				ENABLE_STRICT_OBJC_MSGSEND = YES;
				GCC_C_LANGUAGE_STANDARD = gnu11;
				GCC_NO_COMMON_BLOCKS = YES;
				GCC_WARN_64_TO_32_BIT_CONVERSION = YES;
				GCC_WARN_ABOUT_RETURN_TYPE = YES_ERROR;
				GCC_WARN_UNDECLARED_SELECTOR = YES;
				GCC_WARN_UNINITIALIZED_AUTOS = YES_AGGRESSIVE;
				GCC_WARN_UNUSED_FUNCTION = YES;
				GCC_WARN_UNUSED_VARIABLE = YES;
				IPHONEOS_DEPLOYMENT_TARGET = 14.5;
				MTL_ENABLE_DEBUG_INFO = NO;
				MTL_FAST_MATH = YES;
				SDKROOT = iphoneos;
				SWIFT_COMPILATION_MODE = wholemodule;
				SWIFT_OPTIMIZATION_LEVEL = "-O";
				VALIDATE_PRODUCT = YES;
			};
			name = Release;
		};
		BAA70C8A26D49B1C00148A91 /* Debug */ = {
			isa = XCBuildConfiguration;
			buildSettings = {
				ASSETCATALOG_COMPILER_APPICON_NAME = AppIcon;
				ASSETCATALOG_COMPILER_GLOBAL_ACCENT_COLOR_NAME = AccentColor;
				CODE_SIGN_STYLE = Automatic;
				INFOPLIST_FILE = Calculator/Info.plist;
				LD_RUNPATH_SEARCH_PATHS = (
					"$(inherited)",
					"@executable_path/Frameworks",
				);
				PRODUCT_BUNDLE_IDENTIFIER = com.ewen.Calculator;
				PRODUCT_NAME = "$(TARGET_NAME)";
				SWIFT_VERSION = 5.0;
				TARGETED_DEVICE_FAMILY = "1,2";
			};
			name = Debug;
		};
		BAA70C8B26D49B1C00148A91 /* Release */ = {
			isa = XCBuildConfiguration;
			buildSettings = {
				ASSETCATALOG_COMPILER_APPICON_NAME = AppIcon;
				ASSETCATALOG_COMPILER_GLOBAL_ACCENT_COLOR_NAME = AccentColor;
				CODE_SIGN_STYLE = Automatic;
				INFOPLIST_FILE = Calculator/Info.plist;
				LD_RUNPATH_SEARCH_PATHS = (
					"$(inherited)",
					"@executable_path/Frameworks",
				);
				PRODUCT_BUNDLE_IDENTIFIER = com.ewen.Calculator;
				PRODUCT_NAME = "$(TARGET_NAME)";
				SWIFT_VERSION = 5.0;
				TARGETED_DEVICE_FAMILY = "1,2";
			};
			name = Release;
		};
/* End XCBuildConfiguration section */

/* Begin XCConfigurationList section */
		BAA70C7026D49B1800148A91 /* Build configuration list for PBXProject "Calculator" */ = {
			isa = XCConfigurationList;
			buildConfigurations = (
				BAA70C8726D49B1C00148A91 /* Debug */,
				BAA70C8826D49B1C00148A91 /* Release */,
			);
			defaultConfigurationIsVisible = 0;
			defaultConfigurationName = Release;
		};
		BAA70C8926D49B1C00148A91 /* Build configuration list for PBXNativeTarget "Calculator" */ = {
			isa = XCConfigurationList;
			buildConfigurations = (
				BAA70C8A26D49B1C00148A91 /* Debug */,
				BAA70C8B26D49B1C00148A91 /* Release */,
			);
			defaultConfigurationIsVisible = 0;
			defaultConfigurationName = Release;
		};
/* End XCConfigurationList section */
	};
	rootObject = BAA70C6D26D49B1800148A91 /* Project object */;
}
